
Microsoft Visual Studio Solution File, Format Version 12.00
# Visual Studio Version 17
VisualStudioVersion = 17.7.34031.279
MinimumVisualStudioVersion = 10.0.40219.1
Project("{2150E333-8FDC-42A3-9474-1A3956D46DE8}") = "src", "src", "{BE86896B-7239-45DA-AF5D-ABC275D76FF9}"
EndProject
Project("{9A19103F-16F7-4668-BE54-9A1E7A4F7556}") = "Net.Utils.CloudWatchHandler", "src\Net.Utils.CloudWatchHandler\Net.Utils.CloudWatchHandler.csproj", "{C21A1A66-F02C-40C5-89F4-9EF90E323114}"
EndProject
Global
	GlobalSection(SolutionConfigurationPlatforms) = preSolution
		Debug|Any CPU = Debug|Any CPU
		Release|Any CPU = Release|Any CPU
	EndGlobalSection
	GlobalSection(ProjectConfigurationPlatforms) = postSolution
		{C21A1A66-F02C-40C5-89F4-9EF90E323114}.Debug|Any CPU.ActiveCfg = Debug|Any CPU
		{C21A1A66-F02C-40C5-89F4-9EF90E323114}.Debug|Any CPU.Build.0 = Debug|Any CPU
		{C21A1A66-F02C-40C5-89F4-9EF90E323114}.Release|Any CPU.ActiveCfg = Release|Any CPU
		{C21A1A66-F02C-40C5-89F4-9EF90E323114}.Release|Any CPU.Build.0 = Release|Any CPU
	EndGlobalSection
	GlobalSection(SolutionProperties) = preSolution
		HideSolutionNode = FALSE
	EndGlobalSection
	GlobalSection(NestedProjects) = preSolution
		{C21A1A66-F02C-40C5-89F4-9EF90E323114} = {BE86896B-7239-45DA-AF5D-ABC275D76FF9}
	EndGlobalSection
	GlobalSection(ExtensibilityGlobals) = postSolution
		SolutionGuid = {B4260EE3-8648-4F15-90D4-754078A33A6A}
	EndGlobalSection
EndGlobal
